// !$*UTF8*$!
{
	archiveVersion = 1;
	classes = {
	};
	objectVersion = 50;
	objects = {

/* Begin PBXBuildFile section */
		3418CE352733967B006C5B58 /* Solution_1.swift in Sources */ = {isa = PBXBuildFile; fileRef = 3418CE342733967B006C5B58 /* Solution_1.swift */; };
		3418CE382733E0C4006C5B58 /* Solution_7.swift in Sources */ = {isa = PBXBuildFile; fileRef = 3418CE372733E0C4006C5B58 /* Solution_7.swift */; };
		3418CE4B27391330006C5B58 /* Solution_1451.swift in Sources */ = {isa = PBXBuildFile; fileRef = 3418CE4A27391330006C5B58 /* Solution_1451.swift */; };
		3418CE53273A191D006C5B58 /* Solution_392.swift in Sources */ = {isa = PBXBuildFile; fileRef = 3418CE52273A191D006C5B58 /* Solution_392.swift */; };
		3418CE58273A5AD6006C5B58 /* Solution_509.swift in Sources */ = {isa = PBXBuildFile; fileRef = 3418CE57273A5AD6006C5B58 /* Solution_509.swift */; };
		3418CE5B273A8268006C5B58 /* Solution_1137.swift in Sources */ = {isa = PBXBuildFile; fileRef = 3418CE5A273A8268006C5B58 /* Solution_1137.swift */; };
		3418CE5E273B6C3E006C5B58 /* Solution_70.swift in Sources */ = {isa = PBXBuildFile; fileRef = 3418CE5D273B6C3E006C5B58 /* Solution_70.swift */; };
		3418CE63273B73F9006C5B58 /* Solution_746.swift in Sources */ = {isa = PBXBuildFile; fileRef = 3418CE62273B73F9006C5B58 /* Solution_746.swift */; };
		3418CE66273B7D88006C5B58 /* Solution_704.swift in Sources */ = {isa = PBXBuildFile; fileRef = 3418CE65273B7D88006C5B58 /* Solution_704.swift */; };
		341FD9C12744F29E001672D7 /* Solution_53.swift in Sources */ = {isa = PBXBuildFile; fileRef = 341FD9C02744F29E001672D7 /* Solution_53.swift */; };
		341FD9C62745116F001672D7 /* Solution_918.swift in Sources */ = {isa = PBXBuildFile; fileRef = 341FD9C52745116F001672D7 /* Solution_918.swift */; };
		346A2D5C273CBBE300B96733 /* Solution_213.swift in Sources */ = {isa = PBXBuildFile; fileRef = 346A2D5B273CBBE300B96733 /* Solution_213.swift */; };
		346A2D5F273CD3B200B96733 /* Solution_740.swift in Sources */ = {isa = PBXBuildFile; fileRef = 346A2D5E273CD3B200B96733 /* Solution_740.swift */; };
		34765C61274268B200DD2495 /* Solution_55.swift in Sources */ = {isa = PBXBuildFile; fileRef = 34765C60274268B200DD2495 /* Solution_55.swift */; };
		34765C642742777200DD2495 /* Solution_45.swift in Sources */ = {isa = PBXBuildFile; fileRef = 34765C632742777200DD2495 /* Solution_45.swift */; };
		3485BC962500E1A9001FE568 /* Solution_3.swift in Sources */ = {isa = PBXBuildFile; fileRef = 3485BC952500E1A9001FE568 /* Solution_3.swift */; };
		3485BC992501EFFE001FE568 /* Solution_76.swift in Sources */ = {isa = PBXBuildFile; fileRef = 3485BC982501EFFE001FE568 /* Solution_76.swift */; };
		348A521F27329A28006C301B /* Solution_6.swift in Sources */ = {isa = PBXBuildFile; fileRef = 348A521E27329A28006C301B /* Solution_6.swift */; };
		34D75D8024FFA04700670505 /* main.swift in Sources */ = {isa = PBXBuildFile; fileRef = 34D75D7F24FFA04700670505 /* main.swift */; };
		34D75D8824FFA2E700670505 /* Solution_198.swift in Sources */ = {isa = PBXBuildFile; fileRef = 34D75D8724FFA2E700670505 /* Solution_198.swift */; };
/* End PBXBuildFile section */

/* Begin PBXCopyFilesBuildPhase section */
		34D75D7A24FFA04700670505 /* CopyFiles */ = {
			isa = PBXCopyFilesBuildPhase;
			buildActionMask = 2147483647;
			dstPath = /usr/share/man/man1/;
			dstSubfolderSpec = 0;
			files = (
			);
			runOnlyForDeploymentPostprocessing = 1;
		};
/* End PBXCopyFilesBuildPhase section */

/* Begin PBXFileReference section */
		3418CE342733967B006C5B58 /* Solution_1.swift */ = {isa = PBXFileReference; lastKnownFileType = sourcecode.swift; path = Solution_1.swift; sourceTree = "<group>"; };
		3418CE372733E0C4006C5B58 /* Solution_7.swift */ = {isa = PBXFileReference; lastKnownFileType = sourcecode.swift; path = Solution_7.swift; sourceTree = "<group>"; };
		3418CE4A27391330006C5B58 /* Solution_1451.swift */ = {isa = PBXFileReference; lastKnownFileType = sourcecode.swift; path = Solution_1451.swift; sourceTree = "<group>"; };
		3418CE52273A191D006C5B58 /* Solution_392.swift */ = {isa = PBXFileReference; lastKnownFileType = sourcecode.swift; path = Solution_392.swift; sourceTree = "<group>"; };
		3418CE57273A5AD6006C5B58 /* Solution_509.swift */ = {isa = PBXFileReference; lastKnownFileType = sourcecode.swift; path = Solution_509.swift; sourceTree = "<group>"; };
		3418CE5A273A8268006C5B58 /* Solution_1137.swift */ = {isa = PBXFileReference; lastKnownFileType = sourcecode.swift; path = Solution_1137.swift; sourceTree = "<group>"; };
		3418CE5D273B6C3E006C5B58 /* Solution_70.swift */ = {isa = PBXFileReference; lastKnownFileType = sourcecode.swift; path = Solution_70.swift; sourceTree = "<group>"; };
		3418CE62273B73F9006C5B58 /* Solution_746.swift */ = {isa = PBXFileReference; lastKnownFileType = sourcecode.swift; path = Solution_746.swift; sourceTree = "<group>"; };
		3418CE65273B7D88006C5B58 /* Solution_704.swift */ = {isa = PBXFileReference; lastKnownFileType = sourcecode.swift; path = Solution_704.swift; sourceTree = "<group>"; };
		341FD9C02744F29E001672D7 /* Solution_53.swift */ = {isa = PBXFileReference; lastKnownFileType = sourcecode.swift; path = Solution_53.swift; sourceTree = "<group>"; };
		341FD9C52745116F001672D7 /* Solution_918.swift */ = {isa = PBXFileReference; lastKnownFileType = sourcecode.swift; path = Solution_918.swift; sourceTree = "<group>"; };
		346A2D5B273CBBE300B96733 /* Solution_213.swift */ = {isa = PBXFileReference; lastKnownFileType = sourcecode.swift; path = Solution_213.swift; sourceTree = "<group>"; };
		346A2D5E273CD3B200B96733 /* Solution_740.swift */ = {isa = PBXFileReference; lastKnownFileType = sourcecode.swift; path = Solution_740.swift; sourceTree = "<group>"; };
		34765C60274268B200DD2495 /* Solution_55.swift */ = {isa = PBXFileReference; lastKnownFileType = sourcecode.swift; path = Solution_55.swift; sourceTree = "<group>"; };
		34765C632742777200DD2495 /* Solution_45.swift */ = {isa = PBXFileReference; lastKnownFileType = sourcecode.swift; path = Solution_45.swift; sourceTree = "<group>"; };
		3485BC952500E1A9001FE568 /* Solution_3.swift */ = {isa = PBXFileReference; lastKnownFileType = sourcecode.swift; path = Solution_3.swift; sourceTree = "<group>"; };
		3485BC982501EFFE001FE568 /* Solution_76.swift */ = {isa = PBXFileReference; lastKnownFileType = sourcecode.swift; path = Solution_76.swift; sourceTree = "<group>"; };
		348A521E27329A28006C301B /* Solution_6.swift */ = {isa = PBXFileReference; lastKnownFileType = sourcecode.swift; path = Solution_6.swift; sourceTree = "<group>"; };
		34D75D7C24FFA04700670505 /* leetcode */ = {isa = PBXFileReference; explicitFileType = "compiled.mach-o.executable"; includeInIndex = 0; path = leetcode; sourceTree = BUILT_PRODUCTS_DIR; };
		34D75D7F24FFA04700670505 /* main.swift */ = {isa = PBXFileReference; lastKnownFileType = sourcecode.swift; path = main.swift; sourceTree = "<group>"; };
		34D75D8724FFA2E700670505 /* Solution_198.swift */ = {isa = PBXFileReference; lastKnownFileType = sourcecode.swift; path = Solution_198.swift; sourceTree = "<group>"; };
/* End PBXFileReference section */

/* Begin PBXFrameworksBuildPhase section */
		34D75D7924FFA04700670505 /* Frameworks */ = {
			isa = PBXFrameworksBuildPhase;
			buildActionMask = 2147483647;
			files = (
			);
			runOnlyForDeploymentPostprocessing = 0;
		};
/* End PBXFrameworksBuildPhase section */

/* Begin PBXGroup section */
		3418CE2E273395A2006C5B58 /* 02_ */ = {
			isa = PBXGroup;
			children = (
			);
			path = 02_;
			sourceTree = "<group>";
		};
		3418CE2F273395A4006C5B58 /* 04_ */ = {
			isa = PBXGroup;
			children = (
			);
			path = 04_;
			sourceTree = "<group>";
		};
		3418CE332733964F006C5B58 /* 01_ 两数之和 */ = {
			isa = PBXGroup;
			children = (
				3418CE342733967B006C5B58 /* Solution_1.swift */,
			);
			path = "01_ 两数之和";
			sourceTree = "<group>";
		};
		3418CE362733E06A006C5B58 /* 07_整数反转 */ = {
			isa = PBXGroup;
			children = (
				3418CE372733E0C4006C5B58 /* Solution_7.swift */,
			);
			path = "07_整数反转";
			sourceTree = "<group>";
		};
		3418CE49273912F8006C5B58 /* 1451_重新排列句子中的单词 */ = {
			isa = PBXGroup;
			children = (
				3418CE4A27391330006C5B58 /* Solution_1451.swift */,
			);
			path = "1451_重新排列句子中的单词";
			sourceTree = "<group>";
		};
		3418CE4C273A1805006C5B58 /* 0_99 */ = {
			isa = PBXGroup;
			children = (
				3418CE332733964F006C5B58 /* 01_ 两数之和 */,
				3418CE2E273395A2006C5B58 /* 02_ */,
				3485BC942500E141001FE568 /* 03_无重复字符的最长子串 */,
				3418CE2F273395A4006C5B58 /* 04_ */,
				348A521D273299DE006C301B /* 06_N字形变换 */,
				3418CE362733E06A006C5B58 /* 07_整数反转 */,
				34765C622742774600DD2495 /* 45_跳跃游戏 II */,
				341FD9BF2744F255001672D7 /* 53_最大子序和 */,
				34765C5F2742688700DD2495 /* 55_跳跃游戏 */,
				3418CE5C273B6BE0006C5B58 /* 70_爬楼梯 */,
				3485BC972501EF99001FE568 /* 76_最小覆盖子串 */,
			);
			path = 0_99;
			sourceTree = "<group>";
		};
		3418CE4D273A1841006C5B58 /* 100_199 */ = {
			isa = PBXGroup;
			children = (
				34D75D8624FFA2AE00670505 /* 198_打家劫舍 */,
			);
			path = 100_199;
			sourceTree = "<group>";
		};
		3418CE4E273A186E006C5B58 /* 1000_2000 */ = {
			isa = PBXGroup;
			children = (
				3418CE59273A8239006C5B58 /* 1137_第 N 个泰波那契数 */,
				3418CE49273912F8006C5B58 /* 1451_重新排列句子中的单词 */,
			);
			path = 1000_2000;
			sourceTree = "<group>";
		};
		3418CE4F273A1897006C5B58 /* 300_399 */ = {
			isa = PBXGroup;
			children = (
				3418CE51273A18DC006C5B58 /* 392_判断子序列 */,
			);
			path = 300_399;
			sourceTree = "<group>";
		};
		3418CE50273A1899006C5B58 /* 200_299 */ = {
			isa = PBXGroup;
			children = (
				346A2D5A273CBBB100B96733 /* 213打家劫舍 II */,
			);
			path = 200_299;
			sourceTree = "<group>";
		};
		3418CE51273A18DC006C5B58 /* 392_判断子序列 */ = {
			isa = PBXGroup;
			children = (
				3418CE52273A191D006C5B58 /* Solution_392.swift */,
			);
			path = "392_判断子序列";
			sourceTree = "<group>";
		};
		3418CE54273A5A55006C5B58 /* 500_599 */ = {
			isa = PBXGroup;
			children = (
				3418CE56273A5AAD006C5B58 /* 509_斐波那契数 */,
			);
			path = 500_599;
			sourceTree = "<group>";
		};
		3418CE55273A5A58006C5B58 /* 400_499 */ = {
			isa = PBXGroup;
			children = (
			);
			path = 400_499;
			sourceTree = "<group>";
		};
		3418CE56273A5AAD006C5B58 /* 509_斐波那契数 */ = {
			isa = PBXGroup;
			children = (
				3418CE57273A5AD6006C5B58 /* Solution_509.swift */,
			);
			path = "509_斐波那契数";
			sourceTree = "<group>";
		};
		3418CE59273A8239006C5B58 /* 1137_第 N 个泰波那契数 */ = {
			isa = PBXGroup;
			children = (
				3418CE5A273A8268006C5B58 /* Solution_1137.swift */,
			);
			path = "1137_第 N 个泰波那契数";
			sourceTree = "<group>";
		};
		3418CE5C273B6BE0006C5B58 /* 70_爬楼梯 */ = {
			isa = PBXGroup;
			children = (
				3418CE5D273B6C3E006C5B58 /* Solution_70.swift */,
			);
			path = "70_爬楼梯";
			sourceTree = "<group>";
		};
		3418CE5F273B73AF006C5B58 /* 700_799 */ = {
			isa = PBXGroup;
			children = (
				3418CE64273B7D63006C5B58 /* 704_二分查找 */,
				346A2D5D273CD37800B96733 /* 740_删除并获得点数 */,
				3418CE61273B73D6006C5B58 /* 746_使用最小花费爬楼梯 */,
			);
			path = 700_799;
			sourceTree = "<group>";
		};
		3418CE60273B73B2006C5B58 /* 600_699 */ = {
			isa = PBXGroup;
			children = (
			);
			path = 600_699;
			sourceTree = "<group>";
		};
		3418CE61273B73D6006C5B58 /* 746_使用最小花费爬楼梯 */ = {
			isa = PBXGroup;
			children = (
				3418CE62273B73F9006C5B58 /* Solution_746.swift */,
			);
			path = "746_使用最小花费爬楼梯";
			sourceTree = "<group>";
		};
		3418CE64273B7D63006C5B58 /* 704_二分查找 */ = {
			isa = PBXGroup;
			children = (
				3418CE65273B7D88006C5B58 /* Solution_704.swift */,
			);
			path = "704_二分查找";
			sourceTree = "<group>";
		};
		341FD9BF2744F255001672D7 /* 53_最大子序和 */ = {
			isa = PBXGroup;
			children = (
				341FD9C02744F29E001672D7 /* Solution_53.swift */,
			);
			path = "53_最大子序和";
			sourceTree = "<group>";
		};
		341FD9C227451114001672D7 /* 900_999 */ = {
			isa = PBXGroup;
			children = (
				341FD9C427451143001672D7 /* 918_环行子数组的最大和 */,
			);
			path = 900_999;
			sourceTree = "<group>";
		};
		341FD9C327451116001672D7 /* 800_899 */ = {
			isa = PBXGroup;
			children = (
			);
			path = 800_899;
			sourceTree = "<group>";
		};
		341FD9C427451143001672D7 /* 918_环行子数组的最大和 */ = {
			isa = PBXGroup;
			children = (
				341FD9C52745116F001672D7 /* Solution_918.swift */,
			);
			path = "918_环行子数组的最大和";
			sourceTree = "<group>";
		};
		346A2D5A273CBBB100B96733 /* 213打家劫舍 II */ = {
			isa = PBXGroup;
			children = (
				346A2D5B273CBBE300B96733 /* Solution_213.swift */,
			);
			path = "213打家劫舍 II";
			sourceTree = "<group>";
		};
		346A2D5D273CD37800B96733 /* 740_删除并获得点数 */ = {
			isa = PBXGroup;
			children = (
				346A2D5E273CD3B200B96733 /* Solution_740.swift */,
			);
			path = "740_删除并获得点数";
			sourceTree = "<group>";
		};
		34765C5F2742688700DD2495 /* 55_跳跃游戏 */ = {
			isa = PBXGroup;
			children = (
				34765C60274268B200DD2495 /* Solution_55.swift */,
			);
			path = "55_跳跃游戏";
			sourceTree = "<group>";
		};
		34765C622742774600DD2495 /* 45_跳跃游戏 II */ = {
			isa = PBXGroup;
			children = (
				34765C632742777200DD2495 /* Solution_45.swift */,
			);
			path = "45_跳跃游戏 II";
			sourceTree = "<group>";
		};
		3485BC942500E141001FE568 /* 03_无重复字符的最长子串 */ = {
			isa = PBXGroup;
			children = (
				3485BC952500E1A9001FE568 /* Solution_3.swift */,
			);
			path = "03_无重复字符的最长子串";
			sourceTree = "<group>";
		};
		3485BC972501EF99001FE568 /* 76_最小覆盖子串 */ = {
			isa = PBXGroup;
			children = (
				3485BC982501EFFE001FE568 /* Solution_76.swift */,
			);
			path = "76_最小覆盖子串";
			sourceTree = "<group>";
		};
		348A521D273299DE006C301B /* 06_N字形变换 */ = {
			isa = PBXGroup;
			children = (
				348A521E27329A28006C301B /* Solution_6.swift */,
			);
			path = "06_N字形变换";
			sourceTree = "<group>";
		};
		34D75D7324FFA04700670505 = {
			isa = PBXGroup;
			children = (
				34D75D7E24FFA04700670505 /* leetcode */,
				34D75D7D24FFA04700670505 /* Products */,
			);
			sourceTree = "<group>";
		};
		34D75D7D24FFA04700670505 /* Products */ = {
			isa = PBXGroup;
			children = (
				34D75D7C24FFA04700670505 /* leetcode */,
			);
			name = Products;
			sourceTree = "<group>";
		};
		34D75D7E24FFA04700670505 /* leetcode */ = {
			isa = PBXGroup;
			children = (
				34D75D7F24FFA04700670505 /* main.swift */,
				3418CE4C273A1805006C5B58 /* 0_99 */,
				3418CE4D273A1841006C5B58 /* 100_199 */,
				3418CE50273A1899006C5B58 /* 200_299 */,
				3418CE4F273A1897006C5B58 /* 300_399 */,
				3418CE55273A5A58006C5B58 /* 400_499 */,
				3418CE54273A5A55006C5B58 /* 500_599 */,
				3418CE60273B73B2006C5B58 /* 600_699 */,
				3418CE5F273B73AF006C5B58 /* 700_799 */,
				341FD9C327451116001672D7 /* 800_899 */,
				341FD9C227451114001672D7 /* 900_999 */,
				3418CE4E273A186E006C5B58 /* 1000_2000 */,
			);
			path = leetcode;
			sourceTree = "<group>";
		};
		34D75D8624FFA2AE00670505 /* 198_打家劫舍 */ = {
			isa = PBXGroup;
			children = (
				34D75D8724FFA2E700670505 /* Solution_198.swift */,
			);
			path = "198_打家劫舍";
			sourceTree = "<group>";
		};
/* End PBXGroup section */

/* Begin PBXNativeTarget section */
		34D75D7B24FFA04700670505 /* leetcode */ = {
			isa = PBXNativeTarget;
			buildConfigurationList = 34D75D8324FFA04700670505 /* Build configuration list for PBXNativeTarget "leetcode" */;
			buildPhases = (
				34D75D7824FFA04700670505 /* Sources */,
				34D75D7924FFA04700670505 /* Frameworks */,
				34D75D7A24FFA04700670505 /* CopyFiles */,
			);
			buildRules = (
			);
			dependencies = (
			);
			name = leetcode;
			productName = leetcode;
			productReference = 34D75D7C24FFA04700670505 /* leetcode */;
			productType = "com.apple.product-type.tool";
		};
/* End PBXNativeTarget section */

/* Begin PBXProject section */
		34D75D7424FFA04700670505 /* Project object */ = {
			isa = PBXProject;
			attributes = {
				LastSwiftUpdateCheck = 1150;
				LastUpgradeCheck = 1150;
				ORGANIZATIONNAME = "Yu Lei";
				TargetAttributes = {
					34D75D7B24FFA04700670505 = {
						CreatedOnToolsVersion = 11.5;
					};
				};
			};
			buildConfigurationList = 34D75D7724FFA04700670505 /* Build configuration list for PBXProject "leetcode" */;
			compatibilityVersion = "Xcode 9.3";
			developmentRegion = en;
			hasScannedForEncodings = 0;
			knownRegions = (
				en,
				Base,
			);
			mainGroup = 34D75D7324FFA04700670505;
			productRefGroup = 34D75D7D24FFA04700670505 /* Products */;
			projectDirPath = "";
			projectRoot = "";
			targets = (
				34D75D7B24FFA04700670505 /* leetcode */,
			);
		};
/* End PBXProject section */

/* Begin PBXSourcesBuildPhase section */
		34D75D7824FFA04700670505 /* Sources */ = {
			isa = PBXSourcesBuildPhase;
			buildActionMask = 2147483647;
			files = (
				3418CE66273B7D88006C5B58 /* Solution_704.swift in Sources */,
				34D75D8824FFA2E700670505 /* Solution_198.swift in Sources */,
				3485BC992501EFFE001FE568 /* Solution_76.swift in Sources */,
				34D75D8024FFA04700670505 /* main.swift in Sources */,
				346A2D5F273CD3B200B96733 /* Solution_740.swift in Sources */,
				3485BC962500E1A9001FE568 /* Solution_3.swift in Sources */,
				3418CE5B273A8268006C5B58 /* Solution_1137.swift in Sources */,
				346A2D5C273CBBE300B96733 /* Solution_213.swift in Sources */,
				34765C642742777200DD2495 /* Solution_45.swift in Sources */,
				3418CE352733967B006C5B58 /* Solution_1.swift in Sources */,
				3418CE53273A191D006C5B58 /* Solution_392.swift in Sources */,
				341FD9C62745116F001672D7 /* Solution_918.swift in Sources */,
				3418CE4B27391330006C5B58 /* Solution_1451.swift in Sources */,
				341FD9C12744F29E001672D7 /* Solution_53.swift in Sources */,
				3418CE58273A5AD6006C5B58 /* Solution_509.swift in Sources */,
				348A521F27329A28006C301B /* Solution_6.swift in Sources */,
				3418CE382733E0C4006C5B58 /* Solution_7.swift in Sources */,
				3418CE63273B73F9006C5B58 /* Solution_746.swift in Sources */,
				34765C61274268B200DD2495 /* Solution_55.swift in Sources */,
				3418CE5E273B6C3E006C5B58 /* Solution_70.swift in Sources */,
			);
			runOnlyForDeploymentPostprocessing = 0;
		};
/* End PBXSourcesBuildPhase section */

/* Begin XCBuildConfiguration section */
		34D75D8124FFA04700670505 /* Debug */ = {
			isa = XCBuildConfiguration;
			buildSettings = {
				ALWAYS_SEARCH_USER_PATHS = NO;
				CLANG_ANALYZER_NONNULL = YES;
				CLANG_ANALYZER_NUMBER_OBJECT_CONVERSION = YES_AGGRESSIVE;
				CLANG_CXX_LANGUAGE_STANDARD = "gnu++14";
				CLANG_CXX_LIBRARY = "libc++";
				CLANG_ENABLE_MODULES = YES;
				CLANG_ENABLE_OBJC_ARC = YES;
				CLANG_ENABLE_OBJC_WEAK = YES;
				CLANG_WARN_BLOCK_CAPTURE_AUTORELEASING = YES;
				CLANG_WARN_BOOL_CONVERSION = YES;
				CLANG_WARN_COMMA = YES;
				CLANG_WARN_CONSTANT_CONVERSION = YES;
				CLANG_WARN_DEPRECATED_OBJC_IMPLEMENTATIONS = YES;
				CLANG_WARN_DIRECT_OBJC_ISA_USAGE = YES_ERROR;
				CLANG_WARN_DOCUMENTATION_COMMENTS = YES;
				CLANG_WARN_EMPTY_BODY = YES;
				CLANG_WARN_ENUM_CONVERSION = YES;
				CLANG_WARN_INFINITE_RECURSION = YES;
				CLANG_WARN_INT_CONVERSION = YES;
				CLANG_WARN_NON_LITERAL_NULL_CONVERSION = YES;
				CLANG_WARN_OBJC_IMPLICIT_RETAIN_SELF = YES;
				CLANG_WARN_OBJC_LITERAL_CONVERSION = YES;
				CLANG_WARN_OBJC_ROOT_CLASS = YES_ERROR;
				CLANG_WARN_RANGE_LOOP_ANALYSIS = YES;
				CLANG_WARN_STRICT_PROTOTYPES = YES;
				CLANG_WARN_SUSPICIOUS_MOVE = YES;
				CLANG_WARN_UNGUARDED_AVAILABILITY = YES_AGGRESSIVE;
				CLANG_WARN_UNREACHABLE_CODE = YES;
				CLANG_WARN__DUPLICATE_METHOD_MATCH = YES;
				COPY_PHASE_STRIP = NO;
				DEBUG_INFORMATION_FORMAT = dwarf;
				ENABLE_STRICT_OBJC_MSGSEND = YES;
				ENABLE_TESTABILITY = YES;
				GCC_C_LANGUAGE_STANDARD = gnu11;
				GCC_DYNAMIC_NO_PIC = NO;
				GCC_NO_COMMON_BLOCKS = YES;
				GCC_OPTIMIZATION_LEVEL = 0;
				GCC_PREPROCESSOR_DEFINITIONS = (
					"DEBUG=1",
					"$(inherited)",
				);
				GCC_WARN_64_TO_32_BIT_CONVERSION = YES;
				GCC_WARN_ABOUT_RETURN_TYPE = YES_ERROR;
				GCC_WARN_UNDECLARED_SELECTOR = YES;
				GCC_WARN_UNINITIALIZED_AUTOS = YES_AGGRESSIVE;
				GCC_WARN_UNUSED_FUNCTION = YES;
				GCC_WARN_UNUSED_VARIABLE = YES;
				MACOSX_DEPLOYMENT_TARGET = 10.15;
				MTL_ENABLE_DEBUG_INFO = INCLUDE_SOURCE;
				MTL_FAST_MATH = YES;
				ONLY_ACTIVE_ARCH = YES;
				SDKROOT = macosx;
				SWIFT_ACTIVE_COMPILATION_CONDITIONS = DEBUG;
				SWIFT_OPTIMIZATION_LEVEL = "-Onone";
			};
			name = Debug;
		};
		34D75D8224FFA04700670505 /* Release */ = {
			isa = XCBuildConfiguration;
			buildSettings = {
				ALWAYS_SEARCH_USER_PATHS = NO;
				CLANG_ANALYZER_NONNULL = YES;
				CLANG_ANALYZER_NUMBER_OBJECT_CONVERSION = YES_AGGRESSIVE;
				CLANG_CXX_LANGUAGE_STANDARD = "gnu++14";
				CLANG_CXX_LIBRARY = "libc++";
				CLANG_ENABLE_MODULES = YES;
				CLANG_ENABLE_OBJC_ARC = YES;
				CLANG_ENABLE_OBJC_WEAK = YES;
				CLANG_WARN_BLOCK_CAPTURE_AUTORELEASING = YES;
				CLANG_WARN_BOOL_CONVERSION = YES;
				CLANG_WARN_COMMA = YES;
				CLANG_WARN_CONSTANT_CONVERSION = YES;
				CLANG_WARN_DEPRECATED_OBJC_IMPLEMENTATIONS = YES;
				CLANG_WARN_DIRECT_OBJC_ISA_USAGE = YES_ERROR;
				CLANG_WARN_DOCUMENTATION_COMMENTS = YES;
				CLANG_WARN_EMPTY_BODY = YES;
				CLANG_WARN_ENUM_CONVERSION = YES;
				CLANG_WARN_INFINITE_RECURSION = YES;
				CLANG_WARN_INT_CONVERSION = YES;
				CLANG_WARN_NON_LITERAL_NULL_CONVERSION = YES;
				CLANG_WARN_OBJC_IMPLICIT_RETAIN_SELF = YES;
				CLANG_WARN_OBJC_LITERAL_CONVERSION = YES;
				CLANG_WARN_OBJC_ROOT_CLASS = YES_ERROR;
				CLANG_WARN_RANGE_LOOP_ANALYSIS = YES;
				CLANG_WARN_STRICT_PROTOTYPES = YES;
				CLANG_WARN_SUSPICIOUS_MOVE = YES;
				CLANG_WARN_UNGUARDED_AVAILABILITY = YES_AGGRESSIVE;
				CLANG_WARN_UNREACHABLE_CODE = YES;
				CLANG_WARN__DUPLICATE_METHOD_MATCH = YES;
				COPY_PHASE_STRIP = NO;
				DEBUG_INFORMATION_FORMAT = "dwarf-with-dsym";
				ENABLE_NS_ASSERTIONS = NO;
				ENABLE_STRICT_OBJC_MSGSEND = YES;
				GCC_C_LANGUAGE_STANDARD = gnu11;
				GCC_NO_COMMON_BLOCKS = YES;
				GCC_WARN_64_TO_32_BIT_CONVERSION = YES;
				GCC_WARN_ABOUT_RETURN_TYPE = YES_ERROR;
				GCC_WARN_UNDECLARED_SELECTOR = YES;
				GCC_WARN_UNINITIALIZED_AUTOS = YES_AGGRESSIVE;
				GCC_WARN_UNUSED_FUNCTION = YES;
				GCC_WARN_UNUSED_VARIABLE = YES;
				MACOSX_DEPLOYMENT_TARGET = 10.15;
				MTL_ENABLE_DEBUG_INFO = NO;
				MTL_FAST_MATH = YES;
				SDKROOT = macosx;
				SWIFT_COMPILATION_MODE = wholemodule;
				SWIFT_OPTIMIZATION_LEVEL = "-O";
			};
			name = Release;
		};
		34D75D8424FFA04700670505 /* Debug */ = {
			isa = XCBuildConfiguration;
			buildSettings = {
				CODE_SIGN_STYLE = Automatic;
				DEVELOPMENT_TEAM = V34ASSQSUT;
				ENABLE_HARDENED_RUNTIME = YES;
				PRODUCT_NAME = "$(TARGET_NAME)";
				SWIFT_VERSION = 5.0;
			};
			name = Debug;
		};
		34D75D8524FFA04700670505 /* Release */ = {
			isa = XCBuildConfiguration;
			buildSettings = {
				CODE_SIGN_STYLE = Automatic;
				DEVELOPMENT_TEAM = V34ASSQSUT;
				ENABLE_HARDENED_RUNTIME = YES;
				PRODUCT_NAME = "$(TARGET_NAME)";
				SWIFT_VERSION = 5.0;
			};
			name = Release;
		};
/* End XCBuildConfiguration section */

/* Begin XCConfigurationList section */
		34D75D7724FFA04700670505 /* Build configuration list for PBXProject "leetcode" */ = {
			isa = XCConfigurationList;
			buildConfigurations = (
				34D75D8124FFA04700670505 /* Debug */,
				34D75D8224FFA04700670505 /* Release */,
			);
			defaultConfigurationIsVisible = 0;
			defaultConfigurationName = Release;
		};
		34D75D8324FFA04700670505 /* Build configuration list for PBXNativeTarget "leetcode" */ = {
			isa = XCConfigurationList;
			buildConfigurations = (
				34D75D8424FFA04700670505 /* Debug */,
				34D75D8524FFA04700670505 /* Release */,
			);
			defaultConfigurationIsVisible = 0;
			defaultConfigurationName = Release;
		};
/* End XCConfigurationList section */
	};
	rootObject = 34D75D7424FFA04700670505 /* Project object */;
}
